
Microsoft Visual Studio Solution File, Format Version 12.00
# Visual Studio Version 17
VisualStudioVersion = 17.7.34221.43
MinimumVisualStudioVersion = 10.0.40219.1
Project("{8BC9CEB8-8B4A-11D0-8D11-00A0C91BC942}") = "Orb", "Orb.vcxproj", "{B6D2FFD6-34F7-4678-A63F-662679136496}"
EndProject
Global
	GlobalSection(SolutionConfigurationPlatforms) = preSolution
		Debug|x64 = Debug|x64
		Debug|x86 = Debug|x86
		Release|x64 = Release|x64
		Release|x86 = Release|x86
	EndGlobalSection
	GlobalSection(ProjectConfigurationPlatforms) = postSolution
		{B6D2FFD6-34F7-4678-A63F-662679136496}.Debug|x64.ActiveCfg = Debug|x64
		{B6D2FFD6-34F7-4678-A63F-662679136496}.Debug|x64.Build.0 = Debug|x64
		{B6D2FFD6-34F7-4678-A63F-662679136496}.Debug|x86.ActiveCfg = Debug|Win32
		{B6D2FFD6-34F7-4678-A63F-662679136496}.Debug|x86.Build.0 = Debug|Win32
		{B6D2FFD6-34F7-4678-A63F-662679136496}.Release|x64.ActiveCfg = Release|x64
		{B6D2FFD6-34F7-4678-A63F-662679136496}.Release|x64.Build.0 = Release|x64
		{B6D2FFD6-34F7-4678-A63F-662679136496}.Release|x86.ActiveCfg = Release|Win32
		{B6D2FFD6-34F7-4678-A63F-662679136496}.Release|x86.Build.0 = Release|Win32
	EndGlobalSection
	GlobalSection(SolutionProperties) = preSolution
		HideSolutionNode = FALSE
	EndGlobalSection
	GlobalSection(ExtensibilityGlobals) = postSolution
		SolutionGuid = {9DFAE2E7-01D2-416A-AA85-B0EB5B2AE58B}
	EndGlobalSection
EndGlobal
